
Microsoft Visual Studio Solution File, Format Version 12.00
# Visual Studio Version 17
VisualStudioVersion = 17.14.36811.4 d17.14
MinimumVisualStudioVersion = 10.0.40219.1
Project("{2150E333-8FDC-42A3-9474-1A3956D46DE8}") = "src", "src", "{02EA681E-C7D8-13C7-8484-4AC65E1B71E8}"
EndProject
Project("{2150E333-8FDC-42A3-9474-1A3956D46DE8}") = "Test", "Test", "{19D00D81-8A6C-48A8-8B3F-2BF30EC8225F}"
EndProject
Project("{FAE04EC0-301F-11D3-BF4B-00C04F79EFBC}") = "BakingApp.Domain", "BakingApp.Domain\BakingApp.Domain.csproj", "{7A5D2D1D-7C36-4E8D-B621-3154C6B98A24}"
EndProject
Project("{FAE04EC0-301F-11D3-BF4B-00C04F79EFBC}") = "BakingApp.Application", "BakingApp.Application\BakingApp.Application.csproj", "{A11A6A28-89C1-40E1-865C-634BAD88DD24}"
EndProject
Project("{FAE04EC0-301F-11D3-BF4B-00C04F79EFBC}") = "BakingApp.Infrastructure", "BakingApp.Infrastructure\BakingApp.Infrastructure.csproj", "{09CEE9B0-596D-4E70-9160-74761E34D5F3}"
EndProject
Project("{FAE04EC0-301F-11D3-BF4B-00C04F79EFBC}") = "BakingApp.API", "BakingApp.API\BakingApp.API.csproj", "{4D9AF533-C5EC-43F4-B890-06AD9B8D2842}"
EndProject
Project("{2150E333-8FDC-42A3-9474-1A3956D46DE8}") = "Solution Items", "Solution Items", "{8EC462FD-D22E-90A8-E5CE-7E832BA40C5D}"
	ProjectSection(SolutionItems) = preProject
		docker-compose.yml = docker-compose.yml
	EndProjectSection
EndProject
Global
	GlobalSection(SolutionConfigurationPlatforms) = preSolution
		Debug|Any CPU = Debug|Any CPU
		Release|Any CPU = Release|Any CPU
	EndGlobalSection
	GlobalSection(ProjectConfigurationPlatforms) = postSolution
		{7A5D2D1D-7C36-4E8D-B621-3154C6B98A24}.Debug|Any CPU.ActiveCfg = Debug|Any CPU
		{7A5D2D1D-7C36-4E8D-B621-3154C6B98A24}.Debug|Any CPU.Build.0 = Debug|Any CPU
		{7A5D2D1D-7C36-4E8D-B621-3154C6B98A24}.Release|Any CPU.ActiveCfg = Release|Any CPU
		{7A5D2D1D-7C36-4E8D-B621-3154C6B98A24}.Release|Any CPU.Build.0 = Release|Any CPU
		{A11A6A28-89C1-40E1-865C-634BAD88DD24}.Debug|Any CPU.ActiveCfg = Debug|Any CPU
		{A11A6A28-89C1-40E1-865C-634BAD88DD24}.Debug|Any CPU.Build.0 = Debug|Any CPU
		{A11A6A28-89C1-40E1-865C-634BAD88DD24}.Release|Any CPU.ActiveCfg = Release|Any CPU
		{A11A6A28-89C1-40E1-865C-634BAD88DD24}.Release|Any CPU.Build.0 = Release|Any CPU
		{09CEE9B0-596D-4E70-9160-74761E34D5F3}.Debug|Any CPU.ActiveCfg = Debug|Any CPU
		{09CEE9B0-596D-4E70-9160-74761E34D5F3}.Debug|Any CPU.Build.0 = Debug|Any CPU
		{09CEE9B0-596D-4E70-9160-74761E34D5F3}.Release|Any CPU.ActiveCfg = Release|Any CPU
		{09CEE9B0-596D-4E70-9160-74761E34D5F3}.Release|Any CPU.Build.0 = Release|Any CPU
		{4D9AF533-C5EC-43F4-B890-06AD9B8D2842}.Debug|Any CPU.ActiveCfg = Debug|Any CPU
		{4D9AF533-C5EC-43F4-B890-06AD9B8D2842}.Debug|Any CPU.Build.0 = Debug|Any CPU
		{4D9AF533-C5EC-43F4-B890-06AD9B8D2842}.Release|Any CPU.ActiveCfg = Release|Any CPU
		{4D9AF533-C5EC-43F4-B890-06AD9B8D2842}.Release|Any CPU.Build.0 = Release|Any CPU
	EndGlobalSection
	GlobalSection(SolutionProperties) = preSolution
		HideSolutionNode = FALSE
	EndGlobalSection
	GlobalSection(NestedProjects) = preSolution
		{7A5D2D1D-7C36-4E8D-B621-3154C6B98A24} = {02EA681E-C7D8-13C7-8484-4AC65E1B71E8}
		{A11A6A28-89C1-40E1-865C-634BAD88DD24} = {02EA681E-C7D8-13C7-8484-4AC65E1B71E8}
		{09CEE9B0-596D-4E70-9160-74761E34D5F3} = {02EA681E-C7D8-13C7-8484-4AC65E1B71E8}
		{4D9AF533-C5EC-43F4-B890-06AD9B8D2842} = {02EA681E-C7D8-13C7-8484-4AC65E1B71E8}
	EndGlobalSection
	GlobalSection(ExtensibilityGlobals) = postSolution
		SolutionGuid = {80C230F3-9AB0-48EA-A22C-155F7806F14F}
	EndGlobalSection
EndGlobal
